
Microsoft Visual Studio Solution File, Format Version 12.00
# Visual Studio Version 17
VisualStudioVersion = 17.2.32317.152
MinimumVisualStudioVersion = 10.0.40219.1
Project("{FAE04EC0-301F-11D3-BF4B-00C04F79EFBC}") = "Conv", "Conv\Conv.csproj", "{5F6E239A-79F8-4FBC-AFB2-44D9409F22B3}"
EndProject
Global
	GlobalSection(SolutionConfigurationPlatforms) = preSolution
		Debug|Any CPU = Debug|Any CPU
		Release|Any CPU = Release|Any CPU
	EndGlobalSection
	GlobalSection(ProjectConfigurationPlatforms) = postSolution
		{5F6E239A-79F8-4FBC-AFB2-44D9409F22B3}.Debug|Any CPU.ActiveCfg = Debug|Any CPU
		{5F6E239A-79F8-4FBC-AFB2-44D9409F22B3}.Debug|Any CPU.Build.0 = Debug|Any CPU
		{5F6E239A-79F8-4FBC-AFB2-44D9409F22B3}.Release|Any CPU.ActiveCfg = Release|Any CPU
		{5F6E239A-79F8-4FBC-AFB2-44D9409F22B3}.Release|Any CPU.Build.0 = Release|Any CPU
	EndGlobalSection
	GlobalSection(SolutionProperties) = preSolution
		HideSolutionNode = FALSE
	EndGlobalSection
	GlobalSection(ExtensibilityGlobals) = postSolution
		SolutionGuid = {F6255D83-28AF-400D-A70A-FBD648B3777B}
	EndGlobalSection
EndGlobal
